// !$*UTF8*$!
{
	archiveVersion = 1;
	classes = {
	};
	objectVersion = 50;
	objects = {

/* Begin PBXBuildFile section */
		59DB48D5232BAB660050365D /* AppDelegate.swift in Sources */ = {isa = PBXBuildFile; fileRef = 59DB48D4232BAB660050365D /* AppDelegate.swift */; };
		59DB48D7232BAB660050365D /* MemeMeViewController.swift in Sources */ = {isa = PBXBuildFile; fileRef = 59DB48D6232BAB660050365D /* MemeMeViewController.swift */; };
		59DB48DA232BAB660050365D /* Main.storyboard in Resources */ = {isa = PBXBuildFile; fileRef = 59DB48D8232BAB660050365D /* Main.storyboard */; };
		59DB48DC232BAB680050365D /* Assets.xcassets in Resources */ = {isa = PBXBuildFile; fileRef = 59DB48DB232BAB680050365D /* Assets.xcassets */; };
		59DB48DF232BAB680050365D /* LaunchScreen.storyboard in Resources */ = {isa = PBXBuildFile; fileRef = 59DB48DD232BAB680050365D /* LaunchScreen.storyboard */; };
		59DB48E8232BCAFD0050365D /* TextDelegate.swift in Sources */ = {isa = PBXBuildFile; fileRef = 59DB48E7232BCAFD0050365D /* TextDelegate.swift */; };
		59DB48EA232BCCAA0050365D /* Navigation.swift in Sources */ = {isa = PBXBuildFile; fileRef = 59DB48E9232BCCAA0050365D /* Navigation.swift */; };
		59DB48EC232BCE660050365D /* Actions.swift in Sources */ = {isa = PBXBuildFile; fileRef = 59DB48EB232BCE660050365D /* Actions.swift */; };
		59F33F94232C1F5A00DE34A6 /* Meme.swift in Sources */ = {isa = PBXBuildFile; fileRef = 59F33F93232C1F5A00DE34A6 /* Meme.swift */; };
		59F33F96232C2D3800DE34A6 /* Keyboard.swift in Sources */ = {isa = PBXBuildFile; fileRef = 59F33F95232C2D3800DE34A6 /* Keyboard.swift */; };
		59F33F98232C2E7D00DE34A6 /* ImagePicker.swift in Sources */ = {isa = PBXBuildFile; fileRef = 59F33F97232C2E7D00DE34A6 /* ImagePicker.swift */; };
/* End PBXBuildFile section */

/* Begin PBXFileReference section */
		59DB48D1232BAB660050365D /* MemeMe.app */ = {isa = PBXFileReference; explicitFileType = wrapper.application; includeInIndex = 0; path = MemeMe.app; sourceTree = BUILT_PRODUCTS_DIR; };
		59DB48D4232BAB660050365D /* AppDelegate.swift */ = {isa = PBXFileReference; lastKnownFileType = sourcecode.swift; path = AppDelegate.swift; sourceTree = "<group>"; };
		59DB48D6232BAB660050365D /* MemeMeViewController.swift */ = {isa = PBXFileReference; lastKnownFileType = sourcecode.swift; path = MemeMeViewController.swift; sourceTree = "<group>"; };
		59DB48D9232BAB660050365D /* Base */ = {isa = PBXFileReference; lastKnownFileType = file.storyboard; name = Base; path = Base.lproj/Main.storyboard; sourceTree = "<group>"; };
		59DB48DB232BAB680050365D /* Assets.xcassets */ = {isa = PBXFileReference; lastKnownFileType = folder.assetcatalog; path = Assets.xcassets; sourceTree = "<group>"; };
		59DB48DE232BAB680050365D /* Base */ = {isa = PBXFileReference; lastKnownFileType = file.storyboard; name = Base; path = Base.lproj/LaunchScreen.storyboard; sourceTree = "<group>"; };
		59DB48E0232BAB680050365D /* Info.plist */ = {isa = PBXFileReference; lastKnownFileType = text.plist.xml; path = Info.plist; sourceTree = "<group>"; };
		59DB48E7232BCAFD0050365D /* TextDelegate.swift */ = {isa = PBXFileReference; lastKnownFileType = sourcecode.swift; path = TextDelegate.swift; sourceTree = "<group>"; };
		59DB48E9232BCCAA0050365D /* Navigation.swift */ = {isa = PBXFileReference; lastKnownFileType = sourcecode.swift; path = Navigation.swift; sourceTree = "<group>"; };
		59DB48EB232BCE660050365D /* Actions.swift */ = {isa = PBXFileReference; lastKnownFileType = sourcecode.swift; path = Actions.swift; sourceTree = "<group>"; };
		59F33F93232C1F5A00DE34A6 /* Meme.swift */ = {isa = PBXFileReference; lastKnownFileType = sourcecode.swift; path = Meme.swift; sourceTree = "<group>"; };
		59F33F95232C2D3800DE34A6 /* Keyboard.swift */ = {isa = PBXFileReference; lastKnownFileType = sourcecode.swift; path = Keyboard.swift; sourceTree = "<group>"; };
		59F33F97232C2E7D00DE34A6 /* ImagePicker.swift */ = {isa = PBXFileReference; lastKnownFileType = sourcecode.swift; path = ImagePicker.swift; sourceTree = "<group>"; };
/* End PBXFileReference section */

/* Begin PBXFrameworksBuildPhase section */
		59DB48CE232BAB660050365D /* Frameworks */ = {
			isa = PBXFrameworksBuildPhase;
			buildActionMask = 2147483647;
			files = (
			);
			runOnlyForDeploymentPostprocessing = 0;
		};
/* End PBXFrameworksBuildPhase section */

/* Begin PBXGroup section */
		59DB48C8232BAB660050365D = {
			isa = PBXGroup;
			children = (
				59DB48D3232BAB660050365D /* MemeMe */,
				59DB48D2232BAB660050365D /* Products */,
			);
			sourceTree = "<group>";
		};
		59DB48D2232BAB660050365D /* Products */ = {
			isa = PBXGroup;
			children = (
				59DB48D1232BAB660050365D /* MemeMe.app */,
			);
			name = Products;
			sourceTree = "<group>";
		};
		59DB48D3232BAB660050365D /* MemeMe */ = {
			isa = PBXGroup;
			children = (
				59F33F92232C1F4600DE34A6 /* Model */,
				59DB48D4232BAB660050365D /* AppDelegate.swift */,
				59DB48D6232BAB660050365D /* MemeMeViewController.swift */,
				59DB48E6232BAB860050365D /* Extensions */,
				59DB48D8232BAB660050365D /* Main.storyboard */,
				59DB48DB232BAB680050365D /* Assets.xcassets */,
				59DB48DD232BAB680050365D /* LaunchScreen.storyboard */,
				59DB48E0232BAB680050365D /* Info.plist */,
			);
			path = MemeMe;
			sourceTree = "<group>";
		};
		59DB48E6232BAB860050365D /* Extensions */ = {
			isa = PBXGroup;
			children = (
				59DB48E7232BCAFD0050365D /* TextDelegate.swift */,
				59DB48E9232BCCAA0050365D /* Navigation.swift */,
				59DB48EB232BCE660050365D /* Actions.swift */,
				59F33F95232C2D3800DE34A6 /* Keyboard.swift */,
				59F33F97232C2E7D00DE34A6 /* ImagePicker.swift */,
			);
			path = Extensions;
			sourceTree = "<group>";
		};
		59F33F92232C1F4600DE34A6 /* Model */ = {
			isa = PBXGroup;
			children = (
				59F33F93232C1F5A00DE34A6 /* Meme.swift */,
			);
			path = Model;
			sourceTree = "<group>";
		};
/* End PBXGroup section */

/* Begin PBXNativeTarget section */
		59DB48D0232BAB660050365D /* MemeMe */ = {
			isa = PBXNativeTarget;
			buildConfigurationList = 59DB48E3232BAB680050365D /* Build configuration list for PBXNativeTarget "MemeMe" */;
			buildPhases = (
				59DB48CD232BAB660050365D /* Sources */,
				59DB48CE232BAB660050365D /* Frameworks */,
				59DB48CF232BAB660050365D /* Resources */,
			);
			buildRules = (
			);
			dependencies = (
			);
			name = MemeMe;
			productName = MemeMe;
			productReference = 59DB48D1232BAB660050365D /* MemeMe.app */;
			productType = "com.apple.product-type.application";
		};
/* End PBXNativeTarget section */

/* Begin PBXProject section */
		59DB48C9232BAB660050365D /* Project object */ = {
			isa = PBXProject;
			attributes = {
				LastSwiftUpdateCheck = 1030;
				LastUpgradeCheck = 1030;
				ORGANIZATIONNAME = "Ali Alawami";
				TargetAttributes = {
					59DB48D0232BAB660050365D = {
						CreatedOnToolsVersion = 10.3;
					};
				};
			};
			buildConfigurationList = 59DB48CC232BAB660050365D /* Build configuration list for PBXProject "MemeMe" */;
			compatibilityVersion = "Xcode 9.3";
			developmentRegion = en;
			hasScannedForEncodings = 0;
			knownRegions = (
				en,
				Base,
			);
			mainGroup = 59DB48C8232BAB660050365D;
			productRefGroup = 59DB48D2232BAB660050365D /* Products */;
			projectDirPath = "";
			projectRoot = "";
			targets = (
				59DB48D0232BAB660050365D /* MemeMe */,
			);
		};
/* End PBXProject section */

/* Begin PBXResourcesBuildPhase section */
		59DB48CF232BAB660050365D /* Resources */ = {
			isa = PBXResourcesBuildPhase;
			buildActionMask = 2147483647;
			files = (
				59DB48DF232BAB680050365D /* LaunchScreen.storyboard in Resources */,
				59DB48DC232BAB680050365D /* Assets.xcassets in Resources */,
				59DB48DA232BAB660050365D /* Main.storyboard in Resources */,
			);
			runOnlyForDeploymentPostprocessing = 0;
		};
/* End PBXResourcesBuildPhase section */

/* Begin PBXSourcesBuildPhase section */
		59DB48CD232BAB660050365D /* Sources */ = {
			isa = PBXSourcesBuildPhase;
			buildActionMask = 2147483647;
			files = (
				59DB48EC232BCE660050365D /* Actions.swift in Sources */,
				59DB48E8232BCAFD0050365D /* TextDelegate.swift in Sources */,
				59F33F96232C2D3800DE34A6 /* Keyboard.swift in Sources */,
				59DB48D7232BAB660050365D /* MemeMeViewController.swift in Sources */,
				59F33F94232C1F5A00DE34A6 /* Meme.swift in Sources */,
				59F33F98232C2E7D00DE34A6 /* ImagePicker.swift in Sources */,
				59DB48D5232BAB660050365D /* AppDelegate.swift in Sources */,
				59DB48EA232BCCAA0050365D /* Navigation.swift in Sources */,
			);
			runOnlyForDeploymentPostprocessing = 0;
		};
/* End PBXSourcesBuildPhase section */

/* Begin PBXVariantGroup section */
		59DB48D8232BAB660050365D /* Main.storyboard */ = {
			isa = PBXVariantGroup;
			children = (
				59DB48D9232BAB660050365D /* Base */,
			);
			name = Main.storyboard;
			sourceTree = "<group>";
		};
		59DB48DD232BAB680050365D /* LaunchScreen.storyboard */ = {
			isa = PBXVariantGroup;
			children = (
				59DB48DE232BAB680050365D /* Base */,
			);
			name = LaunchScreen.storyboard;
			sourceTree = "<group>";
		};
/* End PBXVariantGroup section */

/* Begin XCBuildConfiguration section */
		59DB48E1232BAB680050365D /* Debug */ = {
			isa = XCBuildConfiguration;
			buildSettings = {
				ALWAYS_SEARCH_USER_PATHS = NO;
				CLANG_ANALYZER_NONNULL = YES;
				CLANG_ANALYZER_NUMBER_OBJECT_CONVERSION = YES_AGGRESSIVE;
				CLANG_CXX_LANGUAGE_STANDARD = "gnu++14";
				CLANG_CXX_LIBRARY = "libc++";
				CLANG_ENABLE_MODULES = YES;
				CLANG_ENABLE_OBJC_ARC = YES;
				CLANG_ENABLE_OBJC_WEAK = YES;
				CLANG_WARN_BLOCK_CAPTURE_AUTORELEASING = YES;
				CLANG_WARN_BOOL_CONVERSION = YES;
				CLANG_WARN_COMMA = YES;
				CLANG_WARN_CONSTANT_CONVERSION = YES;
				CLANG_WARN_DEPRECATED_OBJC_IMPLEMENTATIONS = YES;
				CLANG_WARN_DIRECT_OBJC_ISA_USAGE = YES_ERROR;
				CLANG_WARN_DOCUMENTATION_COMMENTS = YES;
				CLANG_WARN_EMPTY_BODY = YES;
				CLANG_WARN_ENUM_CONVERSION = YES;
				CLANG_WARN_INFINITE_RECURSION = YES;
				CLANG_WARN_INT_CONVERSION = YES;
				CLANG_WARN_NON_LITERAL_NULL_CONVERSION = YES;
				CLANG_WARN_OBJC_IMPLICIT_RETAIN_SELF = YES;
				CLANG_WARN_OBJC_LITERAL_CONVERSION = YES;
				CLANG_WARN_OBJC_ROOT_CLASS = YES_ERROR;
				CLANG_WARN_RANGE_LOOP_ANALYSIS = YES;
				CLANG_WARN_STRICT_PROTOTYPES = YES;
				CLANG_WARN_SUSPICIOUS_MOVE = YES;
				CLANG_WARN_UNGUARDED_AVAILABILITY = YES_AGGRESSIVE;
				CLANG_WARN_UNREACHABLE_CODE = YES;
				CLANG_WARN__DUPLICATE_METHOD_MATCH = YES;
				CODE_SIGN_IDENTITY = "iPhone Developer";
				COPY_PHASE_STRIP = NO;
				DEBUG_INFORMATION_FORMAT = dwarf;
				ENABLE_STRICT_OBJC_MSGSEND = YES;
				ENABLE_TESTABILITY = YES;
				GCC_C_LANGUAGE_STANDARD = gnu11;
				GCC_DYNAMIC_NO_PIC = NO;
				GCC_NO_COMMON_BLOCKS = YES;
				GCC_OPTIMIZATION_LEVEL = 0;
				GCC_PREPROCESSOR_DEFINITIONS = (
					"DEBUG=1",
					"$(inherited)",
				);
				GCC_WARN_64_TO_32_BIT_CONVERSION = YES;
				GCC_WARN_ABOUT_RETURN_TYPE = YES_ERROR;
				GCC_WARN_UNDECLARED_SELECTOR = YES;
				GCC_WARN_UNINITIALIZED_AUTOS = YES_AGGRESSIVE;
				GCC_WARN_UNUSED_FUNCTION = YES;
				GCC_WARN_UNUSED_VARIABLE = YES;
				IPHONEOS_DEPLOYMENT_TARGET = 12.4;
				MTL_ENABLE_DEBUG_INFO = INCLUDE_SOURCE;
				MTL_FAST_MATH = YES;
				ONLY_ACTIVE_ARCH = YES;
				SDKROOT = iphoneos;
				SWIFT_ACTIVE_COMPILATION_CONDITIONS = DEBUG;
				SWIFT_OPTIMIZATION_LEVEL = "-Onone";
			};
			name = Debug;
		};
		59DB48E2232BAB680050365D /* Release */ = {
			isa = XCBuildConfiguration;
			buildSettings = {
				ALWAYS_SEARCH_USER_PATHS = NO;
				CLANG_ANALYZER_NONNULL = YES;
				CLANG_ANALYZER_NUMBER_OBJECT_CONVERSION = YES_AGGRESSIVE;
				CLANG_CXX_LANGUAGE_STANDARD = "gnu++14";
				CLANG_CXX_LIBRARY = "libc++";
				CLANG_ENABLE_MODULES = YES;
				CLANG_ENABLE_OBJC_ARC = YES;
				CLANG_ENABLE_OBJC_WEAK = YES;
				CLANG_WARN_BLOCK_CAPTURE_AUTORELEASING = YES;
				CLANG_WARN_BOOL_CONVERSION = YES;
				CLANG_WARN_COMMA = YES;
				CLANG_WARN_CONSTANT_CONVERSION = YES;
				CLANG_WARN_DEPRECATED_OBJC_IMPLEMENTATIONS = YES;
				CLANG_WARN_DIRECT_OBJC_ISA_USAGE = YES_ERROR;
				CLANG_WARN_DOCUMENTATION_COMMENTS = YES;
				CLANG_WARN_EMPTY_BODY = YES;
				CLANG_WARN_ENUM_CONVERSION = YES;
				CLANG_WARN_INFINITE_RECURSION = YES;
				CLANG_WARN_INT_CONVERSION = YES;
				CLANG_WARN_NON_LITERAL_NULL_CONVERSION = YES;
				CLANG_WARN_OBJC_IMPLICIT_RETAIN_SELF = YES;
				CLANG_WARN_OBJC_LITERAL_CONVERSION = YES;
				CLANG_WARN_OBJC_ROOT_CLASS = YES_ERROR;
				CLANG_WARN_RANGE_LOOP_ANALYSIS = YES;
				CLANG_WARN_STRICT_PROTOTYPES = YES;
				CLANG_WARN_SUSPICIOUS_MOVE = YES;
				CLANG_WARN_UNGUARDED_AVAILABILITY = YES_AGGRESSIVE;
				CLANG_WARN_UNREACHABLE_CODE = YES;
				CLANG_WARN__DUPLICATE_METHOD_MATCH = YES;
				CODE_SIGN_IDENTITY = "iPhone Developer";
				COPY_PHASE_STRIP = NO;
				DEBUG_INFORMATION_FORMAT = "dwarf-with-dsym";
				ENABLE_NS_ASSERTIONS = NO;
				ENABLE_STRICT_OBJC_MSGSEND = YES;
				GCC_C_LANGUAGE_STANDARD = gnu11;
				GCC_NO_COMMON_BLOCKS = YES;
				GCC_WARN_64_TO_32_BIT_CONVERSION = YES;
				GCC_WARN_ABOUT_RETURN_TYPE = YES_ERROR;
				GCC_WARN_UNDECLARED_SELECTOR = YES;
				GCC_WARN_UNINITIALIZED_AUTOS = YES_AGGRESSIVE;
				GCC_WARN_UNUSED_FUNCTION = YES;
				GCC_WARN_UNUSED_VARIABLE = YES;
				IPHONEOS_DEPLOYMENT_TARGET = 12.4;
				MTL_ENABLE_DEBUG_INFO = NO;
				MTL_FAST_MATH = YES;
				SDKROOT = iphoneos;
				SWIFT_COMPILATION_MODE = wholemodule;
				SWIFT_OPTIMIZATION_LEVEL = "-O";
				VALIDATE_PRODUCT = YES;
			};
			name = Release;
		};
		59DB48E4232BAB680050365D /* Debug */ = {
			isa = XCBuildConfiguration;
			buildSettings = {
				ASSETCATALOG_COMPILER_APPICON_NAME = AppIcon;
				CODE_SIGN_STYLE = Automatic;
				DEVELOPMENT_TEAM = FHBJTCA4K5;
				INFOPLIST_FILE = MemeMe/Info.plist;
				LD_RUNPATH_SEARCH_PATHS = (
					"$(inherited)",
					"@executable_path/Frameworks",
				);
				PRODUCT_BUNDLE_IDENTIFIER = com.awami.MemeMe;
				PRODUCT_NAME = "$(TARGET_NAME)";
				SWIFT_VERSION = 5.0;
				TARGETED_DEVICE_FAMILY = "1,2";
			};
			name = Debug;
		};
		59DB48E5232BAB680050365D /* Release */ = {
			isa = XCBuildConfiguration;
			buildSettings = {
				ASSETCATALOG_COMPILER_APPICON_NAME = AppIcon;
				CODE_SIGN_STYLE = Automatic;
				DEVELOPMENT_TEAM = FHBJTCA4K5;
				INFOPLIST_FILE = MemeMe/Info.plist;
				LD_RUNPATH_SEARCH_PATHS = (
					"$(inherited)",
					"@executable_path/Frameworks",
				);
				PRODUCT_BUNDLE_IDENTIFIER = com.awami.MemeMe;
				PRODUCT_NAME = "$(TARGET_NAME)";
				SWIFT_VERSION = 5.0;
				TARGETED_DEVICE_FAMILY = "1,2";
			};
			name = Release;
		};
/* End XCBuildConfiguration section */

/* Begin XCConfigurationList section */
		59DB48CC232BAB660050365D /* Build configuration list for PBXProject "MemeMe" */ = {
			isa = XCConfigurationList;
			buildConfigurations = (
				59DB48E1232BAB680050365D /* Debug */,
				59DB48E2232BAB680050365D /* Release */,
			);
			defaultConfigurationIsVisible = 0;
			defaultConfigurationName = Release;
		};
		59DB48E3232BAB680050365D /* Build configuration list for PBXNativeTarget "MemeMe" */ = {
			isa = XCConfigurationList;
			buildConfigurations = (
				59DB48E4232BAB680050365D /* Debug */,
				59DB48E5232BAB680050365D /* Release */,
			);
			defaultConfigurationIsVisible = 0;
			defaultConfigurationName = Release;
		};
/* End XCConfigurationList section */
	};
	rootObject = 59DB48C9232BAB660050365D /* Project object */;
}
